// !$*UTF8*$!
{
	archiveVersion = 1;
	classes = {
	};
	objectVersion = 46;
	objects = {

/* Begin PBXBuildFile section */
		1F844C251D216098002EC430 /* main.m in Sources */ = {isa = PBXBuildFile; fileRef = 1F844C241D216098002EC430 /* main.m */; };
		1F844C281D216098002EC430 /* AppDelegate.m in Sources */ = {isa = PBXBuildFile; fileRef = 1F844C271D216098002EC430 /* AppDelegate.m */; };
		1F844C2B1D216098002EC430 /* MasterViewController.m in Sources */ = {isa = PBXBuildFile; fileRef = 1F844C2A1D216098002EC430 /* MasterViewController.m */; };
		1F844C2E1D216098002EC430 /* DetailViewController.m in Sources */ = {isa = PBXBuildFile; fileRef = 1F844C2D1D216098002EC430 /* DetailViewController.m */; };
		1F844C311D216098002EC430 /* Main.storyboard in Resources */ = {isa = PBXBuildFile; fileRef = 1F844C2F1D216098002EC430 /* Main.storyboard */; };
		1F844C331D216098002EC430 /* Assets.xcassets in Resources */ = {isa = PBXBuildFile; fileRef = 1F844C321D216098002EC430 /* Assets.xcassets */; };
		1F844C361D216098002EC430 /* LaunchScreen.storyboard in Resources */ = {isa = PBXBuildFile; fileRef = 1F844C341D216098002EC430 /* LaunchScreen.storyboard */; };
		1F844C411D216098002EC430 /* RoDTests.m in Sources */ = {isa = PBXBuildFile; fileRef = 1F844C401D216098002EC430 /* RoDTests.m */; };
		1F844C4C1D216098002EC430 /* RoDUITests.m in Sources */ = {isa = PBXBuildFile; fileRef = 1F844C4B1D216098002EC430 /* RoDUITests.m */; };
/* End PBXBuildFile section */

/* Begin PBXContainerItemProxy section */
		1F844C3D1D216098002EC430 /* PBXContainerItemProxy */ = {
			isa = PBXContainerItemProxy;
			containerPortal = 1F844C181D216098002EC430 /* Project object */;
			proxyType = 1;
			remoteGlobalIDString = 1F844C1F1D216098002EC430;
			remoteInfo = RoD;
		};
		1F844C481D216098002EC430 /* PBXContainerItemProxy */ = {
			isa = PBXContainerItemProxy;
			containerPortal = 1F844C181D216098002EC430 /* Project object */;
			proxyType = 1;
			remoteGlobalIDString = 1F844C1F1D216098002EC430;
			remoteInfo = RoD;
		};
/* End PBXContainerItemProxy section */

/* Begin PBXFileReference section */
		1F844C201D216098002EC430 /* RoD.app */ = {isa = PBXFileReference; explicitFileType = wrapper.application; includeInIndex = 0; path = RoD.app; sourceTree = BUILT_PRODUCTS_DIR; };
		1F844C241D216098002EC430 /* main.m */ = {isa = PBXFileReference; lastKnownFileType = sourcecode.c.objc; path = main.m; sourceTree = "<group>"; };
		1F844C261D216098002EC430 /* AppDelegate.h */ = {isa = PBXFileReference; lastKnownFileType = sourcecode.c.h; path = AppDelegate.h; sourceTree = "<group>"; };
		1F844C271D216098002EC430 /* AppDelegate.m */ = {isa = PBXFileReference; lastKnownFileType = sourcecode.c.objc; path = AppDelegate.m; sourceTree = "<group>"; };
		1F844C291D216098002EC430 /* MasterViewController.h */ = {isa = PBXFileReference; lastKnownFileType = sourcecode.c.h; path = MasterViewController.h; sourceTree = "<group>"; };
		1F844C2A1D216098002EC430 /* MasterViewController.m */ = {isa = PBXFileReference; lastKnownFileType = sourcecode.c.objc; path = MasterViewController.m; sourceTree = "<group>"; };
		1F844C2C1D216098002EC430 /* DetailViewController.h */ = {isa = PBXFileReference; lastKnownFileType = sourcecode.c.h; path = DetailViewController.h; sourceTree = "<group>"; };
		1F844C2D1D216098002EC430 /* DetailViewController.m */ = {isa = PBXFileReference; lastKnownFileType = sourcecode.c.objc; path = DetailViewController.m; sourceTree = "<group>"; };
		1F844C301D216098002EC430 /* Base */ = {isa = PBXFileReference; lastKnownFileType = file.storyboard; name = Base; path = Base.lproj/Main.storyboard; sourceTree = "<group>"; };
		1F844C321D216098002EC430 /* Assets.xcassets */ = {isa = PBXFileReference; lastKnownFileType = folder.assetcatalog; path = Assets.xcassets; sourceTree = "<group>"; };
		1F844C351D216098002EC430 /* Base */ = {isa = PBXFileReference; lastKnownFileType = file.storyboard; name = Base; path = Base.lproj/LaunchScreen.storyboard; sourceTree = "<group>"; };
		1F844C371D216098002EC430 /* Info.plist */ = {isa = PBXFileReference; lastKnownFileType = text.plist.xml; path = Info.plist; sourceTree = "<group>"; };
		1F844C3C1D216098002EC430 /* RoDTests.xctest */ = {isa = PBXFileReference; explicitFileType = wrapper.cfbundle; includeInIndex = 0; path = RoDTests.xctest; sourceTree = BUILT_PRODUCTS_DIR; };
		1F844C401D216098002EC430 /* RoDTests.m */ = {isa = PBXFileReference; lastKnownFileType = sourcecode.c.objc; path = RoDTests.m; sourceTree = "<group>"; };
		1F844C421D216098002EC430 /* Info.plist */ = {isa = PBXFileReference; lastKnownFileType = text.plist.xml; path = Info.plist; sourceTree = "<group>"; };
		1F844C471D216098002EC430 /* RoDUITests.xctest */ = {isa = PBXFileReference; explicitFileType = wrapper.cfbundle; includeInIndex = 0; path = RoDUITests.xctest; sourceTree = BUILT_PRODUCTS_DIR; };
		1F844C4B1D216098002EC430 /* RoDUITests.m */ = {isa = PBXFileReference; lastKnownFileType = sourcecode.c.objc; path = RoDUITests.m; sourceTree = "<group>"; };
		1F844C4D1D216098002EC430 /* Info.plist */ = {isa = PBXFileReference; lastKnownFileType = text.plist.xml; path = Info.plist; sourceTree = "<group>"; };
/* End PBXFileReference section */

/* Begin PBXFrameworksBuildPhase section */
		1F844C1D1D216098002EC430 /* Frameworks */ = {
			isa = PBXFrameworksBuildPhase;
			buildActionMask = 2147483647;
			files = (
			);
			runOnlyForDeploymentPostprocessing = 0;
		};
		1F844C391D216098002EC430 /* Frameworks */ = {
			isa = PBXFrameworksBuildPhase;
			buildActionMask = 2147483647;
			files = (
			);
			runOnlyForDeploymentPostprocessing = 0;
		};
		1F844C441D216098002EC430 /* Frameworks */ = {
			isa = PBXFrameworksBuildPhase;
			buildActionMask = 2147483647;
			files = (
			);
			runOnlyForDeploymentPostprocessing = 0;
		};
/* End PBXFrameworksBuildPhase section */

/* Begin PBXGroup section */
		1F844C171D216098002EC430 = {
			isa = PBXGroup;
			children = (
				1F844C221D216098002EC430 /* RoD */,
				1F844C3F1D216098002EC430 /* RoDTests */,
				1F844C4A1D216098002EC430 /* RoDUITests */,
				1F844C211D216098002EC430 /* Products */,
			);
			sourceTree = "<group>";
		};
		1F844C211D216098002EC430 /* Products */ = {
			isa = PBXGroup;
			children = (
				1F844C201D216098002EC430 /* RoD.app */,
				1F844C3C1D216098002EC430 /* RoDTests.xctest */,
				1F844C471D216098002EC430 /* RoDUITests.xctest */,
			);
			name = Products;
			sourceTree = "<group>";
		};
		1F844C221D216098002EC430 /* RoD */ = {
			isa = PBXGroup;
			children = (
				1F844C261D216098002EC430 /* AppDelegate.h */,
				1F844C271D216098002EC430 /* AppDelegate.m */,
				1F844C291D216098002EC430 /* MasterViewController.h */,
				1F844C2A1D216098002EC430 /* MasterViewController.m */,
				1F844C2C1D216098002EC430 /* DetailViewController.h */,
				1F844C2D1D216098002EC430 /* DetailViewController.m */,
				1F844C2F1D216098002EC430 /* Main.storyboard */,
				1F844C321D216098002EC430 /* Assets.xcassets */,
				1F844C341D216098002EC430 /* LaunchScreen.storyboard */,
				1F844C371D216098002EC430 /* Info.plist */,
				1F844C231D216098002EC430 /* Supporting Files */,
			);
			path = RoD;
			sourceTree = "<group>";
		};
		1F844C231D216098002EC430 /* Supporting Files */ = {
			isa = PBXGroup;
			children = (
				1F844C241D216098002EC430 /* main.m */,
			);
			name = "Supporting Files";
			sourceTree = "<group>";
		};
		1F844C3F1D216098002EC430 /* RoDTests */ = {
			isa = PBXGroup;
			children = (
				1F844C401D216098002EC430 /* RoDTests.m */,
				1F844C421D216098002EC430 /* Info.plist */,
			);
			path = RoDTests;
			sourceTree = "<group>";
		};
		1F844C4A1D216098002EC430 /* RoDUITests */ = {
			isa = PBXGroup;
			children = (
				1F844C4B1D216098002EC430 /* RoDUITests.m */,
				1F844C4D1D216098002EC430 /* Info.plist */,
			);
			path = RoDUITests;
			sourceTree = "<group>";
		};
/* End PBXGroup section */

/* Begin PBXNativeTarget section */
		1F844C1F1D216098002EC430 /* RoD */ = {
			isa = PBXNativeTarget;
			buildConfigurationList = 1F844C501D216099002EC430 /* Build configuration list for PBXNativeTarget "RoD" */;
			buildPhases = (
				1F844C1C1D216098002EC430 /* Sources */,
				1F844C1D1D216098002EC430 /* Frameworks */,
				1F844C1E1D216098002EC430 /* Resources */,
			);
			buildRules = (
			);
			dependencies = (
			);
			name = RoD;
			productName = RoD;
			productReference = 1F844C201D216098002EC430 /* RoD.app */;
			productType = "com.apple.product-type.application";
		};
		1F844C3B1D216098002EC430 /* RoDTests */ = {
			isa = PBXNativeTarget;
			buildConfigurationList = 1F844C531D216099002EC430 /* Build configuration list for PBXNativeTarget "RoDTests" */;
			buildPhases = (
				1F844C381D216098002EC430 /* Sources */,
				1F844C391D216098002EC430 /* Frameworks */,
				1F844C3A1D216098002EC430 /* Resources */,
			);
			buildRules = (
			);
			dependencies = (
				1F844C3E1D216098002EC430 /* PBXTargetDependency */,
			);
			name = RoDTests;
			productName = RoDTests;
			productReference = 1F844C3C1D216098002EC430 /* RoDTests.xctest */;
			productType = "com.apple.product-type.bundle.unit-test";
		};
		1F844C461D216098002EC430 /* RoDUITests */ = {
			isa = PBXNativeTarget;
			buildConfigurationList = 1F844C561D216099002EC430 /* Build configuration list for PBXNativeTarget "RoDUITests" */;
			buildPhases = (
				1F844C431D216098002EC430 /* Sources */,
				1F844C441D216098002EC430 /* Frameworks */,
				1F844C451D216098002EC430 /* Resources */,
			);
			buildRules = (
			);
			dependencies = (
				1F844C491D216098002EC430 /* PBXTargetDependency */,
			);
			name = RoDUITests;
			productName = RoDUITests;
			productReference = 1F844C471D216098002EC430 /* RoDUITests.xctest */;
			productType = "com.apple.product-type.bundle.ui-testing";
		};
/* End PBXNativeTarget section */

/* Begin PBXProject section */
		1F844C181D216098002EC430 /* Project object */ = {
			isa = PBXProject;
			attributes = {
				LastUpgradeCheck = 0720;
				ORGANIZATIONNAME = RoD;
				TargetAttributes = {
					1F844C1F1D216098002EC430 = {
						CreatedOnToolsVersion = 7.2.1;
					};
					1F844C3B1D216098002EC430 = {
						CreatedOnToolsVersion = 7.2.1;
						TestTargetID = 1F844C1F1D216098002EC430;
					};
					1F844C461D216098002EC430 = {
						CreatedOnToolsVersion = 7.2.1;
						TestTargetID = 1F844C1F1D216098002EC430;
					};
				};
			};
			buildConfigurationList = 1F844C1B1D216098002EC430 /* Build configuration list for PBXProject "RoD" */;
			compatibilityVersion = "Xcode 3.2";
			developmentRegion = English;
			hasScannedForEncodings = 0;
			knownRegions = (
				en,
				Base,
			);
			mainGroup = 1F844C171D216098002EC430;
			productRefGroup = 1F844C211D216098002EC430 /* Products */;
			projectDirPath = "";
			projectRoot = "";
			targets = (
				1F844C1F1D216098002EC430 /* RoD */,
				1F844C3B1D216098002EC430 /* RoDTests */,
				1F844C461D216098002EC430 /* RoDUITests */,
			);
		};
/* End PBXProject section */

/* Begin PBXResourcesBuildPhase section */
		1F844C1E1D216098002EC430 /* Resources */ = {
			isa = PBXResourcesBuildPhase;
			buildActionMask = 2147483647;
			files = (
				1F844C361D216098002EC430 /* LaunchScreen.storyboard in Resources */,
				1F844C331D216098002EC430 /* Assets.xcassets in Resources */,
				1F844C311D216098002EC430 /* Main.storyboard in Resources */,
			);
			runOnlyForDeploymentPostprocessing = 0;
		};
		1F844C3A1D216098002EC430 /* Resources */ = {
			isa = PBXResourcesBuildPhase;
			buildActionMask = 2147483647;
			files = (
			);
			runOnlyForDeploymentPostprocessing = 0;
		};
		1F844C451D216098002EC430 /* Resources */ = {
			isa = PBXResourcesBuildPhase;
			buildActionMask = 2147483647;
			files = (
			);
			runOnlyForDeploymentPostprocessing = 0;
		};
/* End PBXResourcesBuildPhase section */

/* Begin PBXSourcesBuildPhase section */
		1F844C1C1D216098002EC430 /* Sources */ = {
			isa = PBXSourcesBuildPhase;
			buildActionMask = 2147483647;
			files = (
				1F844C281D216098002EC430 /* AppDelegate.m in Sources */,
				1F844C2B1D216098002EC430 /* MasterViewController.m in Sources */,
				1F844C251D216098002EC430 /* main.m in Sources */,
				1F844C2E1D216098002EC430 /* DetailViewController.m in Sources */,
			);
			runOnlyForDeploymentPostprocessing = 0;
		};
		1F844C381D216098002EC430 /* Sources */ = {
			isa = PBXSourcesBuildPhase;
			buildActionMask = 2147483647;
			files = (
				1F844C411D216098002EC430 /* RoDTests.m in Sources */,
			);
			runOnlyForDeploymentPostprocessing = 0;
		};
		1F844C431D216098002EC430 /* Sources */ = {
			isa = PBXSourcesBuildPhase;
			buildActionMask = 2147483647;
			files = (
				1F844C4C1D216098002EC430 /* RoDUITests.m in Sources */,
			);
			runOnlyForDeploymentPostprocessing = 0;
		};
/* End PBXSourcesBuildPhase section */

/* Begin PBXTargetDependency section */
		1F844C3E1D216098002EC430 /* PBXTargetDependency */ = {
			isa = PBXTargetDependency;
			target = 1F844C1F1D216098002EC430 /* RoD */;
			targetProxy = 1F844C3D1D216098002EC430 /* PBXContainerItemProxy */;
		};
		1F844C491D216098002EC430 /* PBXTargetDependency */ = {
			isa = PBXTargetDependency;
			target = 1F844C1F1D216098002EC430 /* RoD */;
			targetProxy = 1F844C481D216098002EC430 /* PBXContainerItemProxy */;
		};
/* End PBXTargetDependency section */

/* Begin PBXVariantGroup section */
		1F844C2F1D216098002EC430 /* Main.storyboard */ = {
			isa = PBXVariantGroup;
			children = (
				1F844C301D216098002EC430 /* Base */,
			);
			name = Main.storyboard;
			sourceTree = "<group>";
		};
		1F844C341D216098002EC430 /* LaunchScreen.storyboard */ = {
			isa = PBXVariantGroup;
			children = (
				1F844C351D216098002EC430 /* Base */,
			);
			name = LaunchScreen.storyboard;
			sourceTree = "<group>";
		};
/* End PBXVariantGroup section */

/* Begin XCBuildConfiguration section */
		1F844C4E1D216098002EC430 /* Debug */ = {
			isa = XCBuildConfiguration;
			buildSettings = {
				ALWAYS_SEARCH_USER_PATHS = NO;
				CLANG_CXX_LANGUAGE_STANDARD = "gnu++0x";
				CLANG_CXX_LIBRARY = "libc++";
				CLANG_ENABLE_MODULES = YES;
				CLANG_ENABLE_OBJC_ARC = YES;
				CLANG_WARN_BOOL_CONVERSION = YES;
				CLANG_WARN_CONSTANT_CONVERSION = YES;
				CLANG_WARN_DIRECT_OBJC_ISA_USAGE = YES_ERROR;
				CLANG_WARN_EMPTY_BODY = YES;
				CLANG_WARN_ENUM_CONVERSION = YES;
				CLANG_WARN_INT_CONVERSION = YES;
				CLANG_WARN_OBJC_ROOT_CLASS = YES_ERROR;
				CLANG_WARN_UNREACHABLE_CODE = YES;
				CLANG_WARN__DUPLICATE_METHOD_MATCH = YES;
				"CODE_SIGN_IDENTITY[sdk=iphoneos*]" = "iPhone Developer";
				COPY_PHASE_STRIP = NO;
				DEBUG_INFORMATION_FORMAT = dwarf;
				ENABLE_STRICT_OBJC_MSGSEND = YES;
				ENABLE_TESTABILITY = YES;
				GCC_C_LANGUAGE_STANDARD = gnu99;
				GCC_DYNAMIC_NO_PIC = NO;
				GCC_NO_COMMON_BLOCKS = YES;
				GCC_OPTIMIZATION_LEVEL = 0;
				GCC_PREPROCESSOR_DEFINITIONS = (
					"DEBUG=1",
					"$(inherited)",
				);
				GCC_WARN_64_TO_32_BIT_CONVERSION = YES;
				GCC_WARN_ABOUT_RETURN_TYPE = YES_ERROR;
				GCC_WARN_UNDECLARED_SELECTOR = YES;
				GCC_WARN_UNINITIALIZED_AUTOS = YES_AGGRESSIVE;
				GCC_WARN_UNUSED_FUNCTION = YES;
				GCC_WARN_UNUSED_VARIABLE = YES;
				IPHONEOS_DEPLOYMENT_TARGET = 9.2;
				MTL_ENABLE_DEBUG_INFO = YES;
				ONLY_ACTIVE_ARCH = YES;
				SDKROOT = iphoneos;
			};
			name = Debug;
		};
		1F844C4F1D216098002EC430 /* Release */ = {
			isa = XCBuildConfiguration;
			buildSettings = {
				ALWAYS_SEARCH_USER_PATHS = NO;
				CLANG_CXX_LANGUAGE_STANDARD = "gnu++0x";
				CLANG_CXX_LIBRARY = "libc++";
				CLANG_ENABLE_MODULES = YES;
				CLANG_ENABLE_OBJC_ARC = YES;
				CLANG_WARN_BOOL_CONVERSION = YES;
				CLANG_WARN_CONSTANT_CONVERSION = YES;
				CLANG_WARN_DIRECT_OBJC_ISA_USAGE = YES_ERROR;
				CLANG_WARN_EMPTY_BODY = YES;
				CLANG_WARN_ENUM_CONVERSION = YES;
				CLANG_WARN_INT_CONVERSION = YES;
				CLANG_WARN_OBJC_ROOT_CLASS = YES_ERROR;
				CLANG_WARN_UNREACHABLE_CODE = YES;
				CLANG_WARN__DUPLICATE_METHOD_MATCH = YES;
				"CODE_SIGN_IDENTITY[sdk=iphoneos*]" = "iPhone Developer";
				COPY_PHASE_STRIP = NO;
				DEBUG_INFORMATION_FORMAT = "dwarf-with-dsym";
				ENABLE_NS_ASSERTIONS = NO;
				ENABLE_STRICT_OBJC_MSGSEND = YES;
				GCC_C_LANGUAGE_STANDARD = gnu99;
				GCC_NO_COMMON_BLOCKS = YES;
				GCC_WARN_64_TO_32_BIT_CONVERSION = YES;
				GCC_WARN_ABOUT_RETURN_TYPE = YES_ERROR;
				GCC_WARN_UNDECLARED_SELECTOR = YES;
				GCC_WARN_UNINITIALIZED_AUTOS = YES_AGGRESSIVE;
				GCC_WARN_UNUSED_FUNCTION = YES;
				GCC_WARN_UNUSED_VARIABLE = YES;
				IPHONEOS_DEPLOYMENT_TARGET = 9.2;
				MTL_ENABLE_DEBUG_INFO = NO;
				SDKROOT = iphoneos;
				VALIDATE_PRODUCT = YES;
			};
			name = Release;
		};
		1F844C511D216099002EC430 /* Debug */ = {
			isa = XCBuildConfiguration;
			buildSettings = {
				ASSETCATALOG_COMPILER_APPICON_NAME = AppIcon;
				INFOPLIST_FILE = RoD/Info.plist;
				LD_RUNPATH_SEARCH_PATHS = "$(inherited) @executable_path/Frameworks";
				PRODUCT_BUNDLE_IDENTIFIER = com.gymnasium.RoD;
				PRODUCT_NAME = "$(TARGET_NAME)";
			};
			name = Debug;
		};
		1F844C521D216099002EC430 /* Release */ = {
			isa = XCBuildConfiguration;
			buildSettings = {
				ASSETCATALOG_COMPILER_APPICON_NAME = AppIcon;
				INFOPLIST_FILE = RoD/Info.plist;
				LD_RUNPATH_SEARCH_PATHS = "$(inherited) @executable_path/Frameworks";
				PRODUCT_BUNDLE_IDENTIFIER = com.gymnasium.RoD;
				PRODUCT_NAME = "$(TARGET_NAME)";
			};
			name = Release;
		};
		1F844C541D216099002EC430 /* Debug */ = {
			isa = XCBuildConfiguration;
			buildSettings = {
				BUNDLE_LOADER = "$(TEST_HOST)";
				INFOPLIST_FILE = RoDTests/Info.plist;
				LD_RUNPATH_SEARCH_PATHS = "$(inherited) @executable_path/Frameworks @loader_path/Frameworks";
				PRODUCT_BUNDLE_IDENTIFIER = com.gymnasium.RoDTests;
				PRODUCT_NAME = "$(TARGET_NAME)";
				TEST_HOST = "$(BUILT_PRODUCTS_DIR)/RoD.app/RoD";
			};
			name = Debug;
		};
		1F844C551D216099002EC430 /* Release */ = {
			isa = XCBuildConfiguration;
			buildSettings = {
				BUNDLE_LOADER = "$(TEST_HOST)";
				INFOPLIST_FILE = RoDTests/Info.plist;
				LD_RUNPATH_SEARCH_PATHS = "$(inherited) @executable_path/Frameworks @loader_path/Frameworks";
				PRODUCT_BUNDLE_IDENTIFIER = com.gymnasium.RoDTests;
				PRODUCT_NAME = "$(TARGET_NAME)";
				TEST_HOST = "$(BUILT_PRODUCTS_DIR)/RoD.app/RoD";
			};
			name = Release;
		};
		1F844C571D216099002EC430 /* Debug */ = {
			isa = XCBuildConfiguration;
			buildSettings = {
				INFOPLIST_FILE = RoDUITests/Info.plist;
				LD_RUNPATH_SEARCH_PATHS = "$(inherited) @executable_path/Frameworks @loader_path/Frameworks";
				PRODUCT_BUNDLE_IDENTIFIER = com.gymnasium.RoDUITests;
				PRODUCT_NAME = "$(TARGET_NAME)";
				TEST_TARGET_NAME = RoD;
				USES_XCTRUNNER = YES;
			};
			name = Debug;
		};
		1F844C581D216099002EC430 /* Release */ = {
			isa = XCBuildConfiguration;
			buildSettings = {
				INFOPLIST_FILE = RoDUITests/Info.plist;
				LD_RUNPATH_SEARCH_PATHS = "$(inherited) @executable_path/Frameworks @loader_path/Frameworks";
				PRODUCT_BUNDLE_IDENTIFIER = com.gymnasium.RoDUITests;
				PRODUCT_NAME = "$(TARGET_NAME)";
				TEST_TARGET_NAME = RoD;
				USES_XCTRUNNER = YES;
			};
			name = Release;
		};
/* End XCBuildConfiguration section */

/* Begin XCConfigurationList section */
		1F844C1B1D216098002EC430 /* Build configuration list for PBXProject "RoD" */ = {
			isa = XCConfigurationList;
			buildConfigurations = (
				1F844C4E1D216098002EC430 /* Debug */,
				1F844C4F1D216098002EC430 /* Release */,
			);
			defaultConfigurationIsVisible = 0;
			defaultConfigurationName = Release;
		};
		1F844C501D216099002EC430 /* Build configuration list for PBXNativeTarget "RoD" */ = {
			isa = XCConfigurationList;
			buildConfigurations = (
				1F844C511D216099002EC430 /* Debug */,
				1F844C521D216099002EC430 /* Release */,
			);
			defaultConfigurationIsVisible = 0;
		};
		1F844C531D216099002EC430 /* Build configuration list for PBXNativeTarget "RoDTests" */ = {
			isa = XCConfigurationList;
			buildConfigurations = (
				1F844C541D216099002EC430 /* Debug */,
				1F844C551D216099002EC430 /* Release */,
			);
			defaultConfigurationIsVisible = 0;
		};
		1F844C561D216099002EC430 /* Build configuration list for PBXNativeTarget "RoDUITests" */ = {
			isa = XCConfigurationList;
			buildConfigurations = (
				1F844C571D216099002EC430 /* Debug */,
				1F844C581D216099002EC430 /* Release */,
			);
			defaultConfigurationIsVisible = 0;
		};
/* End XCConfigurationList section */
	};
	rootObject = 1F844C181D216098002EC430 /* Project object */;
}
