// !$*UTF8*$!
{
	archiveVersion = 1;
	classes = {
	};
	objectVersion = 46;
	objects = {

/* Begin PBXBuildFile section */
		1DE215CD1F4A3E95E0E820F2 /* libPods-RoD.a in Frameworks */ = {isa = PBXBuildFile; fileRef = 588251B957195DD6B1BCAEE7 /* libPods-RoD.a */; };
		1F172F1B1D3A69DD00C12AAA /* LoginViewController.m in Sources */ = {isa = PBXBuildFile; fileRef = 1F172F191D3A69DD00C12AAA /* LoginViewController.m */; };
		1F172F1F1D3A892A00C12AAA /* NSString+EmojiExtension.m in Sources */ = {isa = PBXBuildFile; fileRef = 1F172F1E1D3A892A00C12AAA /* NSString+EmojiExtension.m */; };
		1F172F241D3A89A000C12AAA /* Localizable.strings in Resources */ = {isa = PBXBuildFile; fileRef = 1F172F261D3A89A000C12AAA /* Localizable.strings */; };
		1F172F2A1D3A8A0100C12AAA /* constant.m in Sources */ = {isa = PBXBuildFile; fileRef = 1F172F291D3A8A0100C12AAA /* constant.m */; };
		1F172F2D1D3A8DAB00C12AAA /* ForgotViewController.m in Sources */ = {isa = PBXBuildFile; fileRef = 1F172F2C1D3A8DAB00C12AAA /* ForgotViewController.m */; };
		1F172F311D3A8EE700C12AAA /* UtilMethods.m in Sources */ = {isa = PBXBuildFile; fileRef = 1F172F301D3A8EE700C12AAA /* UtilMethods.m */; };
		1F24642F1D31692100BE84FA /* RunTableViewCell.m in Sources */ = {isa = PBXBuildFile; fileRef = 1F24642E1D31692100BE84FA /* RunTableViewCell.m */; };
		1F24EDBF1D39C28200169546 /* PaddingTextField.m in Sources */ = {isa = PBXBuildFile; fileRef = 1F24EDBE1D39C28200169546 /* PaddingTextField.m */; };
		1F24EDC21D39C2DF00169546 /* BaseViewController.m in Sources */ = {isa = PBXBuildFile; fileRef = 1F24EDC11D39C2DF00169546 /* BaseViewController.m */; };
		1F26A7451D400B5000D722B3 /* MathController.m in Sources */ = {isa = PBXBuildFile; fileRef = 1F26A7441D400B5000D722B3 /* MathController.m */; };
		1F4E17481D3AED1D001BA82D /* MeViewController.m in Sources */ = {isa = PBXBuildFile; fileRef = 1F4E17471D3AED1D001BA82D /* MeViewController.m */; };
		1F5C4FF51D3D172F0035CB5A /* NSDate+TCUtils.m in Sources */ = {isa = PBXBuildFile; fileRef = 1F5C4FF41D3D172F0035CB5A /* NSDate+TCUtils.m */; };
		1F60172F1D22C74500144C2B /* MasterViewController.m in Sources */ = {isa = PBXBuildFile; fileRef = 1F60172B1D22C74500144C2B /* MasterViewController.m */; };
		1F6017301D22C74500144C2B /* DetailViewController.m in Sources */ = {isa = PBXBuildFile; fileRef = 1F60172D1D22C74500144C2B /* DetailViewController.m */; };
		1F6485251D243E690019EB8A /* RoD.storyboard in Resources */ = {isa = PBXBuildFile; fileRef = 1F6485241D243E690019EB8A /* RoD.storyboard */; };
		1F6485691D244CEA0019EB8A /* Main.storyboard in Resources */ = {isa = PBXBuildFile; fileRef = 1F6485681D244CEA0019EB8A /* Main.storyboard */; };
		1F64856C1D2470390019EB8A /* NewRunViewController.m in Sources */ = {isa = PBXBuildFile; fileRef = 1F64856B1D2470390019EB8A /* NewRunViewController.m */; };
		1F844C251D216098002EC430 /* main.m in Sources */ = {isa = PBXBuildFile; fileRef = 1F844C241D216098002EC430 /* main.m */; };
		1F844C281D216098002EC430 /* AppDelegate.m in Sources */ = {isa = PBXBuildFile; fileRef = 1F844C271D216098002EC430 /* AppDelegate.m */; };
		1F844C331D216098002EC430 /* Assets.xcassets in Resources */ = {isa = PBXBuildFile; fileRef = 1F844C321D216098002EC430 /* Assets.xcassets */; };
		1F844C361D216098002EC430 /* LaunchScreen.storyboard in Resources */ = {isa = PBXBuildFile; fileRef = 1F844C341D216098002EC430 /* LaunchScreen.storyboard */; };
		1F844C411D216098002EC430 /* RoDTests.m in Sources */ = {isa = PBXBuildFile; fileRef = 1F844C401D216098002EC430 /* RoDTests.m */; };
		1F844C4C1D216098002EC430 /* RoDUITests.m in Sources */ = {isa = PBXBuildFile; fileRef = 1F844C4B1D216098002EC430 /* RoDUITests.m */; };
		1F844C5C1D2161B6002EC430 /* DataModel.xcdatamodeld in Sources */ = {isa = PBXBuildFile; fileRef = 1F844C5A1D2161B6002EC430 /* DataModel.xcdatamodeld */; };
		1F844C5D1D2161B6002EC430 /* DataModel.xcdatamodeld in Sources */ = {isa = PBXBuildFile; fileRef = 1F844C5A1D2161B6002EC430 /* DataModel.xcdatamodeld */; };
		1F844C5E1D2161B6002EC430 /* DataModel.xcdatamodeld in Sources */ = {isa = PBXBuildFile; fileRef = 1F844C5A1D2161B6002EC430 /* DataModel.xcdatamodeld */; };
		1F844C671D2165D2002EC430 /* Run+CoreDataProperties.m in Sources */ = {isa = PBXBuildFile; fileRef = 1F844C601D2165D2002EC430 /* Run+CoreDataProperties.m */; };
		1F844C681D2165D2002EC430 /* Run+CoreDataProperties.m in Sources */ = {isa = PBXBuildFile; fileRef = 1F844C601D2165D2002EC430 /* Run+CoreDataProperties.m */; };
		1F844C691D2165D2002EC430 /* Run+CoreDataProperties.m in Sources */ = {isa = PBXBuildFile; fileRef = 1F844C601D2165D2002EC430 /* Run+CoreDataProperties.m */; };
		1F844C6A1D2165D2002EC430 /* Run.m in Sources */ = {isa = PBXBuildFile; fileRef = 1F844C621D2165D2002EC430 /* Run.m */; };
		1F844C6B1D2165D2002EC430 /* Run.m in Sources */ = {isa = PBXBuildFile; fileRef = 1F844C621D2165D2002EC430 /* Run.m */; };
		1F844C6C1D2165D2002EC430 /* Run.m in Sources */ = {isa = PBXBuildFile; fileRef = 1F844C621D2165D2002EC430 /* Run.m */; };
		1F844C6D1D2165D2002EC430 /* User+CoreDataProperties.m in Sources */ = {isa = PBXBuildFile; fileRef = 1F844C641D2165D2002EC430 /* User+CoreDataProperties.m */; };
		1F844C6E1D2165D2002EC430 /* User+CoreDataProperties.m in Sources */ = {isa = PBXBuildFile; fileRef = 1F844C641D2165D2002EC430 /* User+CoreDataProperties.m */; };
		1F844C6F1D2165D2002EC430 /* User+CoreDataProperties.m in Sources */ = {isa = PBXBuildFile; fileRef = 1F844C641D2165D2002EC430 /* User+CoreDataProperties.m */; };
		1F844C701D2165D2002EC430 /* User.m in Sources */ = {isa = PBXBuildFile; fileRef = 1F844C661D2165D2002EC430 /* User.m */; };
		1F844C711D2165D2002EC430 /* User.m in Sources */ = {isa = PBXBuildFile; fileRef = 1F844C661D2165D2002EC430 /* User.m */; };
		1F844C721D2165D2002EC430 /* User.m in Sources */ = {isa = PBXBuildFile; fileRef = 1F844C661D2165D2002EC430 /* User.m */; };
		8C07DA697BEDDB4EFE123DAF /* libPods-RoDTests.a in Frameworks */ = {isa = PBXBuildFile; fileRef = 46C92B067CE7636E59F2DDB3 /* libPods-RoDTests.a */; };
		E5A97251A72146AFD88C9E4A /* libPods-RoDUITests.a in Frameworks */ = {isa = PBXBuildFile; fileRef = 6257BF3A7AFB5A004327CDC9 /* libPods-RoDUITests.a */; };
/* End PBXBuildFile section */

/* Begin PBXContainerItemProxy section */
		1F844C3D1D216098002EC430 /* PBXContainerItemProxy */ = {
			isa = PBXContainerItemProxy;
			containerPortal = 1F844C181D216098002EC430 /* Project object */;
			proxyType = 1;
			remoteGlobalIDString = 1F844C1F1D216098002EC430;
			remoteInfo = RoD;
		};
		1F844C481D216098002EC430 /* PBXContainerItemProxy */ = {
			isa = PBXContainerItemProxy;
			containerPortal = 1F844C181D216098002EC430 /* Project object */;
			proxyType = 1;
			remoteGlobalIDString = 1F844C1F1D216098002EC430;
			remoteInfo = RoD;
		};
/* End PBXContainerItemProxy section */

/* Begin PBXFileReference section */
		1F172F191D3A69DD00C12AAA /* LoginViewController.m */ = {isa = PBXFileReference; fileEncoding = 4; lastKnownFileType = sourcecode.c.objc; path = LoginViewController.m; sourceTree = "<group>"; };
		1F172F1A1D3A69DD00C12AAA /* LoginViewController.h */ = {isa = PBXFileReference; fileEncoding = 4; lastKnownFileType = sourcecode.c.h; path = LoginViewController.h; sourceTree = "<group>"; };
		1F172F1C1D3A88AA00C12AAA /* rod-prefix.pch */ = {isa = PBXFileReference; lastKnownFileType = sourcecode.c.h; path = "rod-prefix.pch"; sourceTree = "<group>"; };
		1F172F1D1D3A892A00C12AAA /* NSString+EmojiExtension.h */ = {isa = PBXFileReference; fileEncoding = 4; lastKnownFileType = sourcecode.c.h; path = "NSString+EmojiExtension.h"; sourceTree = "<group>"; };
		1F172F1E1D3A892A00C12AAA /* NSString+EmojiExtension.m */ = {isa = PBXFileReference; fileEncoding = 4; lastKnownFileType = sourcecode.c.objc; path = "NSString+EmojiExtension.m"; sourceTree = "<group>"; };
		1F172F251D3A89A000C12AAA /* en */ = {isa = PBXFileReference; lastKnownFileType = text.plist.strings; name = en; path = en.lproj/Localizable.strings; sourceTree = "<group>"; };
		1F172F271D3A89A400C12AAA /* Base */ = {isa = PBXFileReference; lastKnownFileType = text.plist.strings; name = Base; path = Base.lproj/Localizable.strings; sourceTree = "<group>"; };
		1F172F281D3A8A0100C12AAA /* constant.h */ = {isa = PBXFileReference; fileEncoding = 4; lastKnownFileType = sourcecode.c.h; path = constant.h; sourceTree = "<group>"; };
		1F172F291D3A8A0100C12AAA /* constant.m */ = {isa = PBXFileReference; fileEncoding = 4; lastKnownFileType = sourcecode.c.objc; path = constant.m; sourceTree = "<group>"; };
		1F172F2B1D3A8DAB00C12AAA /* ForgotViewController.h */ = {isa = PBXFileReference; fileEncoding = 4; lastKnownFileType = sourcecode.c.h; path = ForgotViewController.h; sourceTree = "<group>"; };
		1F172F2C1D3A8DAB00C12AAA /* ForgotViewController.m */ = {isa = PBXFileReference; fileEncoding = 4; lastKnownFileType = sourcecode.c.objc; path = ForgotViewController.m; sourceTree = "<group>"; };
		1F172F2F1D3A8EE700C12AAA /* UtilMethods.h */ = {isa = PBXFileReference; fileEncoding = 4; lastKnownFileType = sourcecode.c.h; path = UtilMethods.h; sourceTree = "<group>"; };
		1F172F301D3A8EE700C12AAA /* UtilMethods.m */ = {isa = PBXFileReference; fileEncoding = 4; lastKnownFileType = sourcecode.c.objc; path = UtilMethods.m; sourceTree = "<group>"; };
		1F24642D1D31692100BE84FA /* RunTableViewCell.h */ = {isa = PBXFileReference; fileEncoding = 4; lastKnownFileType = sourcecode.c.h; path = RunTableViewCell.h; sourceTree = "<group>"; };
		1F24642E1D31692100BE84FA /* RunTableViewCell.m */ = {isa = PBXFileReference; fileEncoding = 4; lastKnownFileType = sourcecode.c.objc; path = RunTableViewCell.m; sourceTree = "<group>"; };
		1F24EDBD1D39C28200169546 /* PaddingTextField.h */ = {isa = PBXFileReference; fileEncoding = 4; lastKnownFileType = sourcecode.c.h; path = PaddingTextField.h; sourceTree = "<group>"; };
		1F24EDBE1D39C28200169546 /* PaddingTextField.m */ = {isa = PBXFileReference; fileEncoding = 4; lastKnownFileType = sourcecode.c.objc; path = PaddingTextField.m; sourceTree = "<group>"; };
		1F24EDC01D39C2DF00169546 /* BaseViewController.h */ = {isa = PBXFileReference; fileEncoding = 4; lastKnownFileType = sourcecode.c.h; path = BaseViewController.h; sourceTree = "<group>"; };
		1F24EDC11D39C2DF00169546 /* BaseViewController.m */ = {isa = PBXFileReference; fileEncoding = 4; lastKnownFileType = sourcecode.c.objc; path = BaseViewController.m; sourceTree = "<group>"; };
		1F26A7441D400B5000D722B3 /* MathController.m */ = {isa = PBXFileReference; fileEncoding = 4; lastKnownFileType = sourcecode.c.objc; path = MathController.m; sourceTree = "<group>"; };
		1F26A7461D400B6100D722B3 /* MathController.h */ = {isa = PBXFileReference; fileEncoding = 4; lastKnownFileType = sourcecode.c.h; path = MathController.h; sourceTree = "<group>"; };
		1F4E17461D3AED1D001BA82D /* MeViewController.h */ = {isa = PBXFileReference; fileEncoding = 4; lastKnownFileType = sourcecode.c.h; path = MeViewController.h; sourceTree = "<group>"; };
		1F4E17471D3AED1D001BA82D /* MeViewController.m */ = {isa = PBXFileReference; fileEncoding = 4; lastKnownFileType = sourcecode.c.objc; path = MeViewController.m; sourceTree = "<group>"; };
		1F5C4FF31D3D172F0035CB5A /* NSDate+TCUtils.h */ = {isa = PBXFileReference; fileEncoding = 4; lastKnownFileType = sourcecode.c.h; path = "NSDate+TCUtils.h"; sourceTree = "<group>"; };
		1F5C4FF41D3D172F0035CB5A /* NSDate+TCUtils.m */ = {isa = PBXFileReference; fileEncoding = 4; lastKnownFileType = sourcecode.c.objc; path = "NSDate+TCUtils.m"; sourceTree = "<group>"; };
		1F60172B1D22C74500144C2B /* MasterViewController.m */ = {isa = PBXFileReference; fileEncoding = 4; lastKnownFileType = sourcecode.c.objc; path = MasterViewController.m; sourceTree = "<group>"; };
		1F60172C1D22C74500144C2B /* MasterViewController.h */ = {isa = PBXFileReference; fileEncoding = 4; lastKnownFileType = sourcecode.c.h; path = MasterViewController.h; sourceTree = "<group>"; };
		1F60172D1D22C74500144C2B /* DetailViewController.m */ = {isa = PBXFileReference; fileEncoding = 4; lastKnownFileType = sourcecode.c.objc; path = DetailViewController.m; sourceTree = "<group>"; };
		1F60172E1D22C74500144C2B /* DetailViewController.h */ = {isa = PBXFileReference; fileEncoding = 4; lastKnownFileType = sourcecode.c.h; path = DetailViewController.h; sourceTree = "<group>"; };
		1F6485241D243E690019EB8A /* RoD.storyboard */ = {isa = PBXFileReference; fileEncoding = 4; lastKnownFileType = file.storyboard; path = RoD.storyboard; sourceTree = "<group>"; };
		1F6485681D244CEA0019EB8A /* Main.storyboard */ = {isa = PBXFileReference; fileEncoding = 4; lastKnownFileType = file.storyboard; path = Main.storyboard; sourceTree = "<group>"; };
		1F64856A1D2470390019EB8A /* NewRunViewController.h */ = {isa = PBXFileReference; fileEncoding = 4; lastKnownFileType = sourcecode.c.h; path = NewRunViewController.h; sourceTree = "<group>"; };
		1F64856B1D2470390019EB8A /* NewRunViewController.m */ = {isa = PBXFileReference; fileEncoding = 4; lastKnownFileType = sourcecode.c.objc; path = NewRunViewController.m; sourceTree = "<group>"; };
		1F844C201D216098002EC430 /* RoD.app */ = {isa = PBXFileReference; explicitFileType = wrapper.application; includeInIndex = 0; path = RoD.app; sourceTree = BUILT_PRODUCTS_DIR; };
		1F844C241D216098002EC430 /* main.m */ = {isa = PBXFileReference; lastKnownFileType = sourcecode.c.objc; path = main.m; sourceTree = "<group>"; };
		1F844C261D216098002EC430 /* AppDelegate.h */ = {isa = PBXFileReference; lastKnownFileType = sourcecode.c.h; path = AppDelegate.h; sourceTree = "<group>"; };
		1F844C271D216098002EC430 /* AppDelegate.m */ = {isa = PBXFileReference; lastKnownFileType = sourcecode.c.objc; path = AppDelegate.m; sourceTree = "<group>"; };
		1F844C321D216098002EC430 /* Assets.xcassets */ = {isa = PBXFileReference; lastKnownFileType = folder.assetcatalog; path = Assets.xcassets; sourceTree = "<group>"; };
		1F844C351D216098002EC430 /* Base */ = {isa = PBXFileReference; lastKnownFileType = file.storyboard; name = Base; path = Base.lproj/LaunchScreen.storyboard; sourceTree = "<group>"; };
		1F844C371D216098002EC430 /* Info.plist */ = {isa = PBXFileReference; lastKnownFileType = text.plist.xml; path = Info.plist; sourceTree = "<group>"; };
		1F844C3C1D216098002EC430 /* RoDTests.xctest */ = {isa = PBXFileReference; explicitFileType = wrapper.cfbundle; includeInIndex = 0; path = RoDTests.xctest; sourceTree = BUILT_PRODUCTS_DIR; };
		1F844C401D216098002EC430 /* RoDTests.m */ = {isa = PBXFileReference; lastKnownFileType = sourcecode.c.objc; path = RoDTests.m; sourceTree = "<group>"; };
		1F844C421D216098002EC430 /* Info.plist */ = {isa = PBXFileReference; lastKnownFileType = text.plist.xml; path = Info.plist; sourceTree = "<group>"; };
		1F844C471D216098002EC430 /* RoDUITests.xctest */ = {isa = PBXFileReference; explicitFileType = wrapper.cfbundle; includeInIndex = 0; path = RoDUITests.xctest; sourceTree = BUILT_PRODUCTS_DIR; };
		1F844C4B1D216098002EC430 /* RoDUITests.m */ = {isa = PBXFileReference; lastKnownFileType = sourcecode.c.objc; path = RoDUITests.m; sourceTree = "<group>"; };
		1F844C4D1D216098002EC430 /* Info.plist */ = {isa = PBXFileReference; lastKnownFileType = text.plist.xml; path = Info.plist; sourceTree = "<group>"; };
		1F844C5B1D2161B6002EC430 /* DataModel.xcdatamodel */ = {isa = PBXFileReference; lastKnownFileType = wrapper.xcdatamodel; path = DataModel.xcdatamodel; sourceTree = "<group>"; };
		1F844C5F1D2165D2002EC430 /* Run+CoreDataProperties.h */ = {isa = PBXFileReference; fileEncoding = 4; lastKnownFileType = sourcecode.c.h; path = "Run+CoreDataProperties.h"; sourceTree = "<group>"; };
		1F844C601D2165D2002EC430 /* Run+CoreDataProperties.m */ = {isa = PBXFileReference; fileEncoding = 4; lastKnownFileType = sourcecode.c.objc; path = "Run+CoreDataProperties.m"; sourceTree = "<group>"; };
		1F844C611D2165D2002EC430 /* Run.h */ = {isa = PBXFileReference; fileEncoding = 4; lastKnownFileType = sourcecode.c.h; path = Run.h; sourceTree = "<group>"; };
		1F844C621D2165D2002EC430 /* Run.m */ = {isa = PBXFileReference; fileEncoding = 4; lastKnownFileType = sourcecode.c.objc; path = Run.m; sourceTree = "<group>"; };
		1F844C631D2165D2002EC430 /* User+CoreDataProperties.h */ = {isa = PBXFileReference; fileEncoding = 4; lastKnownFileType = sourcecode.c.h; path = "User+CoreDataProperties.h"; sourceTree = "<group>"; };
		1F844C641D2165D2002EC430 /* User+CoreDataProperties.m */ = {isa = PBXFileReference; fileEncoding = 4; lastKnownFileType = sourcecode.c.objc; path = "User+CoreDataProperties.m"; sourceTree = "<group>"; };
		1F844C651D2165D2002EC430 /* User.h */ = {isa = PBXFileReference; fileEncoding = 4; lastKnownFileType = sourcecode.c.h; path = User.h; sourceTree = "<group>"; };
		1F844C661D2165D2002EC430 /* User.m */ = {isa = PBXFileReference; fileEncoding = 4; lastKnownFileType = sourcecode.c.objc; path = User.m; sourceTree = "<group>"; };
		2FE00FA8C6A8F8D2CEA1EAD8 /* Pods-RoDTests.release.xcconfig */ = {isa = PBXFileReference; includeInIndex = 1; lastKnownFileType = text.xcconfig; name = "Pods-RoDTests.release.xcconfig"; path = "Pods/Target Support Files/Pods-RoDTests/Pods-RoDTests.release.xcconfig"; sourceTree = "<group>"; };
		41D491880CAA75BA082F49A7 /* Pods-RoDUITests.debug.xcconfig */ = {isa = PBXFileReference; includeInIndex = 1; lastKnownFileType = text.xcconfig; name = "Pods-RoDUITests.debug.xcconfig"; path = "Pods/Target Support Files/Pods-RoDUITests/Pods-RoDUITests.debug.xcconfig"; sourceTree = "<group>"; };
		469C5F277037A1BC542A7317 /* Pods-RoD.debug.xcconfig */ = {isa = PBXFileReference; includeInIndex = 1; lastKnownFileType = text.xcconfig; name = "Pods-RoD.debug.xcconfig"; path = "Pods/Target Support Files/Pods-RoD/Pods-RoD.debug.xcconfig"; sourceTree = "<group>"; };
		46C92B067CE7636E59F2DDB3 /* libPods-RoDTests.a */ = {isa = PBXFileReference; explicitFileType = archive.ar; includeInIndex = 0; path = "libPods-RoDTests.a"; sourceTree = BUILT_PRODUCTS_DIR; };
		588251B957195DD6B1BCAEE7 /* libPods-RoD.a */ = {isa = PBXFileReference; explicitFileType = archive.ar; includeInIndex = 0; path = "libPods-RoD.a"; sourceTree = BUILT_PRODUCTS_DIR; };
		6257BF3A7AFB5A004327CDC9 /* libPods-RoDUITests.a */ = {isa = PBXFileReference; explicitFileType = archive.ar; includeInIndex = 0; path = "libPods-RoDUITests.a"; sourceTree = BUILT_PRODUCTS_DIR; };
		74440DC6A7B732C6C61E3CA3 /* Pods-RoD.release.xcconfig */ = {isa = PBXFileReference; includeInIndex = 1; lastKnownFileType = text.xcconfig; name = "Pods-RoD.release.xcconfig"; path = "Pods/Target Support Files/Pods-RoD/Pods-RoD.release.xcconfig"; sourceTree = "<group>"; };
		817E45A3A4693AF1371C834A /* Pods-RoDTests.debug.xcconfig */ = {isa = PBXFileReference; includeInIndex = 1; lastKnownFileType = text.xcconfig; name = "Pods-RoDTests.debug.xcconfig"; path = "Pods/Target Support Files/Pods-RoDTests/Pods-RoDTests.debug.xcconfig"; sourceTree = "<group>"; };
		AFBB08EB1586EEE7F0BA1C6F /* Pods-RoDUITests.release.xcconfig */ = {isa = PBXFileReference; includeInIndex = 1; lastKnownFileType = text.xcconfig; name = "Pods-RoDUITests.release.xcconfig"; path = "Pods/Target Support Files/Pods-RoDUITests/Pods-RoDUITests.release.xcconfig"; sourceTree = "<group>"; };
/* End PBXFileReference section */

/* Begin PBXFrameworksBuildPhase section */
		1F844C1D1D216098002EC430 /* Frameworks */ = {
			isa = PBXFrameworksBuildPhase;
			buildActionMask = 2147483647;
			files = (
				1DE215CD1F4A3E95E0E820F2 /* libPods-RoD.a in Frameworks */,
			);
			runOnlyForDeploymentPostprocessing = 0;
		};
		1F844C391D216098002EC430 /* Frameworks */ = {
			isa = PBXFrameworksBuildPhase;
			buildActionMask = 2147483647;
			files = (
				8C07DA697BEDDB4EFE123DAF /* libPods-RoDTests.a in Frameworks */,
			);
			runOnlyForDeploymentPostprocessing = 0;
		};
		1F844C441D216098002EC430 /* Frameworks */ = {
			isa = PBXFrameworksBuildPhase;
			buildActionMask = 2147483647;
			files = (
				E5A97251A72146AFD88C9E4A /* libPods-RoDUITests.a in Frameworks */,
			);
			runOnlyForDeploymentPostprocessing = 0;
		};
/* End PBXFrameworksBuildPhase section */

/* Begin PBXGroup section */
		1F172F2E1D3A8EDE00C12AAA /* Utils */ = {
			isa = PBXGroup;
			children = (
				1F5C4FF31D3D172F0035CB5A /* NSDate+TCUtils.h */,
				1F5C4FF41D3D172F0035CB5A /* NSDate+TCUtils.m */,
				1F172F2F1D3A8EE700C12AAA /* UtilMethods.h */,
				1F172F301D3A8EE700C12AAA /* UtilMethods.m */,
				1F26A7441D400B5000D722B3 /* MathController.m */,
				1F26A7461D400B6100D722B3 /* MathController.h */,
			);
			name = Utils;
			sourceTree = "<group>";
		};
		1F24642C1D3168FF00BE84FA /* cells */ = {
			isa = PBXGroup;
			children = (
				1F24642D1D31692100BE84FA /* RunTableViewCell.h */,
				1F24642E1D31692100BE84FA /* RunTableViewCell.m */,
			);
			name = cells;
			sourceTree = "<group>";
		};
		1F24EDBC1D39C27000169546 /* Lib */ = {
			isa = PBXGroup;
			children = (
				1F172F2E1D3A8EDE00C12AAA /* Utils */,
				1F172F281D3A8A0100C12AAA /* constant.h */,
				1F172F291D3A8A0100C12AAA /* constant.m */,
				1F172F1D1D3A892A00C12AAA /* NSString+EmojiExtension.h */,
				1F172F1E1D3A892A00C12AAA /* NSString+EmojiExtension.m */,
				1F24EDBD1D39C28200169546 /* PaddingTextField.h */,
				1F24EDBE1D39C28200169546 /* PaddingTextField.m */,
			);
			name = Lib;
			sourceTree = "<group>";
		};
		1F3BA30E1D396946001CA8BD /* LoginVC */ = {
			isa = PBXGroup;
			children = (
				1F172F2B1D3A8DAB00C12AAA /* ForgotViewController.h */,
				1F172F2C1D3A8DAB00C12AAA /* ForgotViewController.m */,
				1F172F191D3A69DD00C12AAA /* LoginViewController.m */,
				1F172F1A1D3A69DD00C12AAA /* LoginViewController.h */,
			);
			name = LoginVC;
			sourceTree = "<group>";
		};
		1F4E17451D3AECE5001BA82D /* Me */ = {
			isa = PBXGroup;
			children = (
				1F4E17461D3AED1D001BA82D /* MeViewController.h */,
				1F4E17471D3AED1D001BA82D /* MeViewController.m */,
			);
			name = Me;
			sourceTree = "<group>";
		};
		1F5C4FEF1D3D02A00035CB5A /* AddRun */ = {
			isa = PBXGroup;
			children = (
				1F64856A1D2470390019EB8A /* NewRunViewController.h */,
				1F64856B1D2470390019EB8A /* NewRunViewController.m */,
			);
			name = AddRun;
			sourceTree = "<group>";
		};
		1F60172A1D22C43F00144C2B /* Controller */ = {
			isa = PBXGroup;
			children = (
				1F5C4FEF1D3D02A00035CB5A /* AddRun */,
				1F4E17451D3AECE5001BA82D /* Me */,
				1F24EDC01D39C2DF00169546 /* BaseViewController.h */,
				1F24EDC11D39C2DF00169546 /* BaseViewController.m */,
				1F3BA30E1D396946001CA8BD /* LoginVC */,
				1F24642C1D3168FF00BE84FA /* cells */,
				1F60172B1D22C74500144C2B /* MasterViewController.m */,
				1F60172C1D22C74500144C2B /* MasterViewController.h */,
				1F60172D1D22C74500144C2B /* DetailViewController.m */,
				1F60172E1D22C74500144C2B /* DetailViewController.h */,
			);
			name = Controller;
			path = controller;
			sourceTree = "<group>";
		};
		1F6485231D243E2E0019EB8A /* View */ = {
			isa = PBXGroup;
			children = (
				1F6485241D243E690019EB8A /* RoD.storyboard */,
			);
			name = View;
			path = view;
			sourceTree = "<group>";
		};
		1F844C171D216098002EC430 = {
			isa = PBXGroup;
			children = (
				1F172F1C1D3A88AA00C12AAA /* rod-prefix.pch */,
				1F844C221D216098002EC430 /* RoD */,
				1F844C3F1D216098002EC430 /* RoDTests */,
				1F844C4A1D216098002EC430 /* RoDUITests */,
				1F844C211D216098002EC430 /* Products */,
				B9DB69E847FDDF8F19628EF9 /* Pods */,
				F34DC7FFFC1FF1819AFCB171 /* Frameworks */,
			);
			sourceTree = "<group>";
		};
		1F844C211D216098002EC430 /* Products */ = {
			isa = PBXGroup;
			children = (
				1F844C201D216098002EC430 /* RoD.app */,
				1F844C3C1D216098002EC430 /* RoDTests.xctest */,
				1F844C471D216098002EC430 /* RoDUITests.xctest */,
			);
			name = Products;
			sourceTree = "<group>";
		};
		1F844C221D216098002EC430 /* RoD */ = {
			isa = PBXGroup;
			children = (
				1F24EDBC1D39C27000169546 /* Lib */,
				1F6485231D243E2E0019EB8A /* View */,
				1F60172A1D22C43F00144C2B /* Controller */,
				1F844C591D216152002EC430 /* Model */,
				1F844C261D216098002EC430 /* AppDelegate.h */,
				1F844C271D216098002EC430 /* AppDelegate.m */,
				1F172F261D3A89A000C12AAA /* Localizable.strings */,
				1F6485681D244CEA0019EB8A /* Main.storyboard */,
				1F844C321D216098002EC430 /* Assets.xcassets */,
				1F844C341D216098002EC430 /* LaunchScreen.storyboard */,
				1F844C371D216098002EC430 /* Info.plist */,
				1F844C231D216098002EC430 /* Supporting Files */,
			);
			path = RoD;
			sourceTree = "<group>";
		};
		1F844C231D216098002EC430 /* Supporting Files */ = {
			isa = PBXGroup;
			children = (
				1F844C241D216098002EC430 /* main.m */,
			);
			name = "Supporting Files";
			sourceTree = "<group>";
		};
		1F844C3F1D216098002EC430 /* RoDTests */ = {
			isa = PBXGroup;
			children = (
				1F844C401D216098002EC430 /* RoDTests.m */,
				1F844C421D216098002EC430 /* Info.plist */,
			);
			path = RoDTests;
			sourceTree = "<group>";
		};
		1F844C4A1D216098002EC430 /* RoDUITests */ = {
			isa = PBXGroup;
			children = (
				1F844C4B1D216098002EC430 /* RoDUITests.m */,
				1F844C4D1D216098002EC430 /* Info.plist */,
			);
			path = RoDUITests;
			sourceTree = "<group>";
		};
		1F844C591D216152002EC430 /* Model */ = {
			isa = PBXGroup;
			children = (
				1F844C5A1D2161B6002EC430 /* DataModel.xcdatamodeld */,
				1F844C5F1D2165D2002EC430 /* Run+CoreDataProperties.h */,
				1F844C601D2165D2002EC430 /* Run+CoreDataProperties.m */,
				1F844C611D2165D2002EC430 /* Run.h */,
				1F844C621D2165D2002EC430 /* Run.m */,
				1F844C631D2165D2002EC430 /* User+CoreDataProperties.h */,
				1F844C641D2165D2002EC430 /* User+CoreDataProperties.m */,
				1F844C651D2165D2002EC430 /* User.h */,
				1F844C661D2165D2002EC430 /* User.m */,
			);
			name = Model;
			path = model;
			sourceTree = "<group>";
		};
		B9DB69E847FDDF8F19628EF9 /* Pods */ = {
			isa = PBXGroup;
			children = (
				469C5F277037A1BC542A7317 /* Pods-RoD.debug.xcconfig */,
				74440DC6A7B732C6C61E3CA3 /* Pods-RoD.release.xcconfig */,
				817E45A3A4693AF1371C834A /* Pods-RoDTests.debug.xcconfig */,
				2FE00FA8C6A8F8D2CEA1EAD8 /* Pods-RoDTests.release.xcconfig */,
				41D491880CAA75BA082F49A7 /* Pods-RoDUITests.debug.xcconfig */,
				AFBB08EB1586EEE7F0BA1C6F /* Pods-RoDUITests.release.xcconfig */,
			);
			name = Pods;
			sourceTree = "<group>";
		};
		F34DC7FFFC1FF1819AFCB171 /* Frameworks */ = {
			isa = PBXGroup;
			children = (
				588251B957195DD6B1BCAEE7 /* libPods-RoD.a */,
				46C92B067CE7636E59F2DDB3 /* libPods-RoDTests.a */,
				6257BF3A7AFB5A004327CDC9 /* libPods-RoDUITests.a */,
			);
			name = Frameworks;
			sourceTree = "<group>";
		};
/* End PBXGroup section */

/* Begin PBXNativeTarget section */
		1F844C1F1D216098002EC430 /* RoD */ = {
			isa = PBXNativeTarget;
			buildConfigurationList = 1F844C501D216099002EC430 /* Build configuration list for PBXNativeTarget "RoD" */;
			buildPhases = (
				C37F282DB22F8230A5A03E1E /* [CP] Check Pods Manifest.lock */,
				1F844C1C1D216098002EC430 /* Sources */,
				1F844C1D1D216098002EC430 /* Frameworks */,
				1F844C1E1D216098002EC430 /* Resources */,
				DB343E9D146EFF1153FE4C30 /* [CP] Embed Pods Frameworks */,
				4DC6FF949BAC13EBA91F899B /* [CP] Copy Pods Resources */,
			);
			buildRules = (
			);
			dependencies = (
			);
			name = RoD;
			productName = RoD;
			productReference = 1F844C201D216098002EC430 /* RoD.app */;
			productType = "com.apple.product-type.application";
		};
		1F844C3B1D216098002EC430 /* RoDTests */ = {
			isa = PBXNativeTarget;
			buildConfigurationList = 1F844C531D216099002EC430 /* Build configuration list for PBXNativeTarget "RoDTests" */;
			buildPhases = (
				D3B0F078427F98797E104562 /* [CP] Check Pods Manifest.lock */,
				1F844C381D216098002EC430 /* Sources */,
				1F844C391D216098002EC430 /* Frameworks */,
				1F844C3A1D216098002EC430 /* Resources */,
				C77EE229049EA460C4602495 /* [CP] Embed Pods Frameworks */,
				0E46FA2A8BFB247755EE3BA4 /* [CP] Copy Pods Resources */,
			);
			buildRules = (
			);
			dependencies = (
				1F844C3E1D216098002EC430 /* PBXTargetDependency */,
			);
			name = RoDTests;
			productName = RoDTests;
			productReference = 1F844C3C1D216098002EC430 /* RoDTests.xctest */;
			productType = "com.apple.product-type.bundle.unit-test";
		};
		1F844C461D216098002EC430 /* RoDUITests */ = {
			isa = PBXNativeTarget;
			buildConfigurationList = 1F844C561D216099002EC430 /* Build configuration list for PBXNativeTarget "RoDUITests" */;
			buildPhases = (
				72A6C1EAF72B121A6846052D /* [CP] Check Pods Manifest.lock */,
				1F844C431D216098002EC430 /* Sources */,
				1F844C441D216098002EC430 /* Frameworks */,
				1F844C451D216098002EC430 /* Resources */,
				4A4FA3E548BC560313743EA0 /* [CP] Copy Pods Resources */,
			);
			buildRules = (
			);
			dependencies = (
				1F844C491D216098002EC430 /* PBXTargetDependency */,
			);
			name = RoDUITests;
			productName = RoDUITests;
			productReference = 1F844C471D216098002EC430 /* RoDUITests.xctest */;
			productType = "com.apple.product-type.bundle.ui-testing";
		};
/* End PBXNativeTarget section */

/* Begin PBXProject section */
		1F844C181D216098002EC430 /* Project object */ = {
			isa = PBXProject;
			attributes = {
				LastUpgradeCheck = 0720;
				ORGANIZATIONNAME = RoD;
				TargetAttributes = {
					1F844C1F1D216098002EC430 = {
						CreatedOnToolsVersion = 7.2.1;
						DevelopmentTeam = 646C7J72PD;
					};
					1F844C3B1D216098002EC430 = {
						CreatedOnToolsVersion = 7.2.1;
						TestTargetID = 1F844C1F1D216098002EC430;
					};
					1F844C461D216098002EC430 = {
						CreatedOnToolsVersion = 7.2.1;
						TestTargetID = 1F844C1F1D216098002EC430;
					};
				};
			};
			buildConfigurationList = 1F844C1B1D216098002EC430 /* Build configuration list for PBXProject "RoD" */;
			compatibilityVersion = "Xcode 3.2";
			developmentRegion = English;
			hasScannedForEncodings = 0;
			knownRegions = (
				en,
				Base,
			);
			mainGroup = 1F844C171D216098002EC430;
			productRefGroup = 1F844C211D216098002EC430 /* Products */;
			projectDirPath = "";
			projectRoot = "";
			targets = (
				1F844C1F1D216098002EC430 /* RoD */,
				1F844C3B1D216098002EC430 /* RoDTests */,
				1F844C461D216098002EC430 /* RoDUITests */,
			);
		};
/* End PBXProject section */

/* Begin PBXResourcesBuildPhase section */
		1F844C1E1D216098002EC430 /* Resources */ = {
			isa = PBXResourcesBuildPhase;
			buildActionMask = 2147483647;
			files = (
				1F172F241D3A89A000C12AAA /* Localizable.strings in Resources */,
				1F844C361D216098002EC430 /* LaunchScreen.storyboard in Resources */,
				1F844C331D216098002EC430 /* Assets.xcassets in Resources */,
				1F6485251D243E690019EB8A /* RoD.storyboard in Resources */,
				1F6485691D244CEA0019EB8A /* Main.storyboard in Resources */,
			);
			runOnlyForDeploymentPostprocessing = 0;
		};
		1F844C3A1D216098002EC430 /* Resources */ = {
			isa = PBXResourcesBuildPhase;
			buildActionMask = 2147483647;
			files = (
			);
			runOnlyForDeploymentPostprocessing = 0;
		};
		1F844C451D216098002EC430 /* Resources */ = {
			isa = PBXResourcesBuildPhase;
			buildActionMask = 2147483647;
			files = (
			);
			runOnlyForDeploymentPostprocessing = 0;
		};
/* End PBXResourcesBuildPhase section */

/* Begin PBXShellScriptBuildPhase section */
		0E46FA2A8BFB247755EE3BA4 /* [CP] Copy Pods Resources */ = {
			isa = PBXShellScriptBuildPhase;
			buildActionMask = 2147483647;
			files = (
			);
			inputPaths = (
			);
			name = "[CP] Copy Pods Resources";
			outputPaths = (
			);
			runOnlyForDeploymentPostprocessing = 0;
			shellPath = /bin/sh;
			shellScript = "\"${SRCROOT}/Pods/Target Support Files/Pods-RoDTests/Pods-RoDTests-resources.sh\"\n";
			showEnvVarsInLog = 0;
		};
		4A4FA3E548BC560313743EA0 /* [CP] Copy Pods Resources */ = {
			isa = PBXShellScriptBuildPhase;
			buildActionMask = 2147483647;
			files = (
			);
			inputPaths = (
			);
			name = "[CP] Copy Pods Resources";
			outputPaths = (
			);
			runOnlyForDeploymentPostprocessing = 0;
			shellPath = /bin/sh;
			shellScript = "\"${SRCROOT}/Pods/Target Support Files/Pods-RoDUITests/Pods-RoDUITests-resources.sh\"\n";
			showEnvVarsInLog = 0;
		};
		4DC6FF949BAC13EBA91F899B /* [CP] Copy Pods Resources */ = {
			isa = PBXShellScriptBuildPhase;
			buildActionMask = 2147483647;
			files = (
			);
			inputPaths = (
			);
			name = "[CP] Copy Pods Resources";
			outputPaths = (
			);
			runOnlyForDeploymentPostprocessing = 0;
			shellPath = /bin/sh;
			shellScript = "\"${SRCROOT}/Pods/Target Support Files/Pods-RoD/Pods-RoD-resources.sh\"\n";
			showEnvVarsInLog = 0;
		};
		72A6C1EAF72B121A6846052D /* [CP] Check Pods Manifest.lock */ = {
			isa = PBXShellScriptBuildPhase;
			buildActionMask = 2147483647;
			files = (
			);
			inputPaths = (
			);
			name = "[CP] Check Pods Manifest.lock";
			outputPaths = (
			);
			runOnlyForDeploymentPostprocessing = 0;
			shellPath = /bin/sh;
			shellScript = "diff \"${PODS_ROOT}/../Podfile.lock\" \"${PODS_ROOT}/Manifest.lock\" > /dev/null\nif [[ $? != 0 ]] ; then\n    cat << EOM\nerror: The sandbox is not in sync with the Podfile.lock. Run 'pod install' or update your CocoaPods installation.\nEOM\n    exit 1\nfi\n";
			showEnvVarsInLog = 0;
		};
		C37F282DB22F8230A5A03E1E /* [CP] Check Pods Manifest.lock */ = {
			isa = PBXShellScriptBuildPhase;
			buildActionMask = 2147483647;
			files = (
			);
			inputPaths = (
			);
			name = "[CP] Check Pods Manifest.lock";
			outputPaths = (
			);
			runOnlyForDeploymentPostprocessing = 0;
			shellPath = /bin/sh;
			shellScript = "diff \"${PODS_ROOT}/../Podfile.lock\" \"${PODS_ROOT}/Manifest.lock\" > /dev/null\nif [[ $? != 0 ]] ; then\n    cat << EOM\nerror: The sandbox is not in sync with the Podfile.lock. Run 'pod install' or update your CocoaPods installation.\nEOM\n    exit 1\nfi\n";
			showEnvVarsInLog = 0;
		};
		C77EE229049EA460C4602495 /* [CP] Embed Pods Frameworks */ = {
			isa = PBXShellScriptBuildPhase;
			buildActionMask = 2147483647;
			files = (
			);
			inputPaths = (
			);
			name = "[CP] Embed Pods Frameworks";
			outputPaths = (
			);
			runOnlyForDeploymentPostprocessing = 0;
			shellPath = /bin/sh;
			shellScript = "\"${SRCROOT}/Pods/Target Support Files/Pods-RoDTests/Pods-RoDTests-frameworks.sh\"\n";
			showEnvVarsInLog = 0;
		};
		D3B0F078427F98797E104562 /* [CP] Check Pods Manifest.lock */ = {
			isa = PBXShellScriptBuildPhase;
			buildActionMask = 2147483647;
			files = (
			);
			inputPaths = (
			);
			name = "[CP] Check Pods Manifest.lock";
			outputPaths = (
			);
			runOnlyForDeploymentPostprocessing = 0;
			shellPath = /bin/sh;
			shellScript = "diff \"${PODS_ROOT}/../Podfile.lock\" \"${PODS_ROOT}/Manifest.lock\" > /dev/null\nif [[ $? != 0 ]] ; then\n    cat << EOM\nerror: The sandbox is not in sync with the Podfile.lock. Run 'pod install' or update your CocoaPods installation.\nEOM\n    exit 1\nfi\n";
			showEnvVarsInLog = 0;
		};
		DB343E9D146EFF1153FE4C30 /* [CP] Embed Pods Frameworks */ = {
			isa = PBXShellScriptBuildPhase;
			buildActionMask = 2147483647;
			files = (
			);
			inputPaths = (
			);
			name = "[CP] Embed Pods Frameworks";
			outputPaths = (
			);
			runOnlyForDeploymentPostprocessing = 0;
			shellPath = /bin/sh;
			shellScript = "\"${SRCROOT}/Pods/Target Support Files/Pods-RoD/Pods-RoD-frameworks.sh\"\n";
			showEnvVarsInLog = 0;
		};
/* End PBXShellScriptBuildPhase section */

/* Begin PBXSourcesBuildPhase section */
		1F844C1C1D216098002EC430 /* Sources */ = {
			isa = PBXSourcesBuildPhase;
			buildActionMask = 2147483647;
			files = (
				1F844C281D216098002EC430 /* AppDelegate.m in Sources */,
				1F844C5C1D2161B6002EC430 /* DataModel.xcdatamodeld in Sources */,
				1F6017301D22C74500144C2B /* DetailViewController.m in Sources */,
				1F172F1F1D3A892A00C12AAA /* NSString+EmojiExtension.m in Sources */,
				1F844C701D2165D2002EC430 /* User.m in Sources */,
				1F844C6A1D2165D2002EC430 /* Run.m in Sources */,
				1F24EDC21D39C2DF00169546 /* BaseViewController.m in Sources */,
				1F60172F1D22C74500144C2B /* MasterViewController.m in Sources */,
				1F844C671D2165D2002EC430 /* Run+CoreDataProperties.m in Sources */,
				1F844C251D216098002EC430 /* main.m in Sources */,
				1F24642F1D31692100BE84FA /* RunTableViewCell.m in Sources */,
				1F172F1B1D3A69DD00C12AAA /* LoginViewController.m in Sources */,
				1F172F311D3A8EE700C12AAA /* UtilMethods.m in Sources */,
				1F4E17481D3AED1D001BA82D /* MeViewController.m in Sources */,
				1F24EDBF1D39C28200169546 /* PaddingTextField.m in Sources */,
				1F64856C1D2470390019EB8A /* NewRunViewController.m in Sources */,
				1F172F2D1D3A8DAB00C12AAA /* ForgotViewController.m in Sources */,
				1F5C4FF51D3D172F0035CB5A /* NSDate+TCUtils.m in Sources */,
				1F844C6D1D2165D2002EC430 /* User+CoreDataProperties.m in Sources */,
				1F172F2A1D3A8A0100C12AAA /* constant.m in Sources */,
				1F26A7451D400B5000D722B3 /* MathController.m in Sources */,
			);
			runOnlyForDeploymentPostprocessing = 0;
		};
		1F844C381D216098002EC430 /* Sources */ = {
			isa = PBXSourcesBuildPhase;
			buildActionMask = 2147483647;
			files = (
				1F844C6E1D2165D2002EC430 /* User+CoreDataProperties.m in Sources */,
				1F844C681D2165D2002EC430 /* Run+CoreDataProperties.m in Sources */,
				1F844C711D2165D2002EC430 /* User.m in Sources */,
				1F844C6B1D2165D2002EC430 /* Run.m in Sources */,
				1F844C411D216098002EC430 /* RoDTests.m in Sources */,
				1F844C5D1D2161B6002EC430 /* DataModel.xcdatamodeld in Sources */,
			);
			runOnlyForDeploymentPostprocessing = 0;
		};
		1F844C431D216098002EC430 /* Sources */ = {
			isa = PBXSourcesBuildPhase;
			buildActionMask = 2147483647;
			files = (
				1F844C6F1D2165D2002EC430 /* User+CoreDataProperties.m in Sources */,
				1F844C691D2165D2002EC430 /* Run+CoreDataProperties.m in Sources */,
				1F844C721D2165D2002EC430 /* User.m in Sources */,
				1F844C6C1D2165D2002EC430 /* Run.m in Sources */,
				1F844C4C1D216098002EC430 /* RoDUITests.m in Sources */,
				1F844C5E1D2161B6002EC430 /* DataModel.xcdatamodeld in Sources */,
			);
			runOnlyForDeploymentPostprocessing = 0;
		};
/* End PBXSourcesBuildPhase section */

/* Begin PBXTargetDependency section */
		1F844C3E1D216098002EC430 /* PBXTargetDependency */ = {
			isa = PBXTargetDependency;
			target = 1F844C1F1D216098002EC430 /* RoD */;
			targetProxy = 1F844C3D1D216098002EC430 /* PBXContainerItemProxy */;
		};
		1F844C491D216098002EC430 /* PBXTargetDependency */ = {
			isa = PBXTargetDependency;
			target = 1F844C1F1D216098002EC430 /* RoD */;
			targetProxy = 1F844C481D216098002EC430 /* PBXContainerItemProxy */;
		};
/* End PBXTargetDependency section */

/* Begin PBXVariantGroup section */
		1F172F261D3A89A000C12AAA /* Localizable.strings */ = {
			isa = PBXVariantGroup;
			children = (
				1F172F251D3A89A000C12AAA /* en */,
				1F172F271D3A89A400C12AAA /* Base */,
			);
			name = Localizable.strings;
			sourceTree = "<group>";
		};
		1F844C341D216098002EC430 /* LaunchScreen.storyboard */ = {
			isa = PBXVariantGroup;
			children = (
				1F844C351D216098002EC430 /* Base */,
			);
			name = LaunchScreen.storyboard;
			sourceTree = "<group>";
		};
/* End PBXVariantGroup section */

/* Begin XCBuildConfiguration section */
		1F844C4E1D216098002EC430 /* Debug */ = {
			isa = XCBuildConfiguration;
			buildSettings = {
				ALWAYS_SEARCH_USER_PATHS = NO;
				CLANG_CXX_LANGUAGE_STANDARD = "gnu++0x";
				CLANG_CXX_LIBRARY = "libc++";
				CLANG_ENABLE_MODULES = YES;
				CLANG_ENABLE_OBJC_ARC = YES;
				CLANG_WARN_BOOL_CONVERSION = YES;
				CLANG_WARN_CONSTANT_CONVERSION = YES;
				CLANG_WARN_DIRECT_OBJC_ISA_USAGE = YES_ERROR;
				CLANG_WARN_EMPTY_BODY = YES;
				CLANG_WARN_ENUM_CONVERSION = YES;
				CLANG_WARN_INT_CONVERSION = YES;
				CLANG_WARN_OBJC_ROOT_CLASS = YES_ERROR;
				CLANG_WARN_UNREACHABLE_CODE = YES;
				CLANG_WARN__DUPLICATE_METHOD_MATCH = YES;
				"CODE_SIGN_IDENTITY[sdk=iphoneos*]" = "iPhone Developer";
				COPY_PHASE_STRIP = NO;
				DEBUG_INFORMATION_FORMAT = dwarf;
				ENABLE_STRICT_OBJC_MSGSEND = YES;
				ENABLE_TESTABILITY = YES;
				GCC_C_LANGUAGE_STANDARD = gnu99;
				GCC_DYNAMIC_NO_PIC = NO;
				GCC_NO_COMMON_BLOCKS = YES;
				GCC_OPTIMIZATION_LEVEL = 0;
				GCC_PREPROCESSOR_DEFINITIONS = (
					"DEBUG=1",
					"$(inherited)",
				);
				GCC_WARN_64_TO_32_BIT_CONVERSION = YES;
				GCC_WARN_ABOUT_RETURN_TYPE = YES_ERROR;
				GCC_WARN_UNDECLARED_SELECTOR = YES;
				GCC_WARN_UNINITIALIZED_AUTOS = YES_AGGRESSIVE;
				GCC_WARN_UNUSED_FUNCTION = YES;
				GCC_WARN_UNUSED_VARIABLE = YES;
				IPHONEOS_DEPLOYMENT_TARGET = 9.2;
				MTL_ENABLE_DEBUG_INFO = YES;
				ONLY_ACTIVE_ARCH = YES;
				SDKROOT = iphoneos;
			};
			name = Debug;
		};
		1F844C4F1D216098002EC430 /* Release */ = {
			isa = XCBuildConfiguration;
			buildSettings = {
				ALWAYS_SEARCH_USER_PATHS = NO;
				CLANG_CXX_LANGUAGE_STANDARD = "gnu++0x";
				CLANG_CXX_LIBRARY = "libc++";
				CLANG_ENABLE_MODULES = YES;
				CLANG_ENABLE_OBJC_ARC = YES;
				CLANG_WARN_BOOL_CONVERSION = YES;
				CLANG_WARN_CONSTANT_CONVERSION = YES;
				CLANG_WARN_DIRECT_OBJC_ISA_USAGE = YES_ERROR;
				CLANG_WARN_EMPTY_BODY = YES;
				CLANG_WARN_ENUM_CONVERSION = YES;
				CLANG_WARN_INT_CONVERSION = YES;
				CLANG_WARN_OBJC_ROOT_CLASS = YES_ERROR;
				CLANG_WARN_UNREACHABLE_CODE = YES;
				CLANG_WARN__DUPLICATE_METHOD_MATCH = YES;
				"CODE_SIGN_IDENTITY[sdk=iphoneos*]" = "iPhone Developer";
				COPY_PHASE_STRIP = NO;
				DEBUG_INFORMATION_FORMAT = "dwarf-with-dsym";
				ENABLE_NS_ASSERTIONS = NO;
				ENABLE_STRICT_OBJC_MSGSEND = YES;
				GCC_C_LANGUAGE_STANDARD = gnu99;
				GCC_NO_COMMON_BLOCKS = YES;
				GCC_WARN_64_TO_32_BIT_CONVERSION = YES;
				GCC_WARN_ABOUT_RETURN_TYPE = YES_ERROR;
				GCC_WARN_UNDECLARED_SELECTOR = YES;
				GCC_WARN_UNINITIALIZED_AUTOS = YES_AGGRESSIVE;
				GCC_WARN_UNUSED_FUNCTION = YES;
				GCC_WARN_UNUSED_VARIABLE = YES;
				IPHONEOS_DEPLOYMENT_TARGET = 9.2;
				MTL_ENABLE_DEBUG_INFO = NO;
				SDKROOT = iphoneos;
				VALIDATE_PRODUCT = YES;
			};
			name = Release;
		};
		1F844C511D216099002EC430 /* Debug */ = {
			isa = XCBuildConfiguration;
			baseConfigurationReference = 469C5F277037A1BC542A7317 /* Pods-RoD.debug.xcconfig */;
			buildSettings = {
				ASSETCATALOG_COMPILER_APPICON_NAME = AppIcon;
				CODE_SIGN_IDENTITY = "iPhone Developer";
				"CODE_SIGN_IDENTITY[sdk=iphoneos*]" = "iPhone Developer";
				GCC_PREFIX_HEADER = "$(SRCROOT)/rod-prefix.pch";
				"GCC_PREPROCESSOR_DEFINITIONS[arch=*]" = (
					"$(inherited)",
					"COCOAPODS=1",
					"DEVEL=1",
				);
				HEADER_SEARCH_PATHS = (
					"$(inherited)",
					"\"${PODS_ROOT}/Headers/Public\"",
					"\"${PODS_ROOT}/Headers/Public/AFNetworking\"",
					"\"${PODS_ROOT}/Headers/Public/ISO8601DateFormatterValueTransformer\"",
					"\"${PODS_ROOT}/Headers/Public/RKValueTransformers\"",
					"\"${PODS_ROOT}/Headers/Public/RestKit\"",
					"\"${PODS_ROOT}/Headers/Public/SOCKit\"",
					"\"${PODS_ROOT}/Headers/Public/TransitionKit\"",
					"${PODS_ROOT}/**",
					"${SRCROOT}/controller",
				);
				INFOPLIST_FILE = RoD/Info.plist;
				LD_RUNPATH_SEARCH_PATHS = "$(inherited) @executable_path/Frameworks";
				PRODUCT_BUNDLE_IDENTIFIER = com.gymnasium.RoD;
				PRODUCT_NAME = "$(TARGET_NAME)";
				PROVISIONING_PROFILE = "";
				USER_HEADER_SEARCH_PATHS = "${PROJECT_DIR}/Pods";
			};
			name = Debug;
		};
		1F844C521D216099002EC430 /* Release */ = {
			isa = XCBuildConfiguration;
			baseConfigurationReference = 74440DC6A7B732C6C61E3CA3 /* Pods-RoD.release.xcconfig */;
			buildSettings = {
				ASSETCATALOG_COMPILER_APPICON_NAME = AppIcon;
				CODE_SIGN_IDENTITY = "iPhone Developer";
				"CODE_SIGN_IDENTITY[sdk=iphoneos*]" = "iPhone Developer";
				GCC_PREFIX_HEADER = "$(SRCROOT)/rod-prefix.pch";
				"GCC_PREPROCESSOR_DEFINITIONS[arch=*]" = (
					"$(inherited)",
					"COCOAPODS=1",
					"DEVEL=0",
				);
				HEADER_SEARCH_PATHS = (
					"$(inherited)",
					"\"${PODS_ROOT}/Headers/Public\"",
					"\"${PODS_ROOT}/Headers/Public/AFNetworking\"",
					"\"${PODS_ROOT}/Headers/Public/ISO8601DateFormatterValueTransformer\"",
					"\"${PODS_ROOT}/Headers/Public/RKValueTransformers\"",
					"\"${PODS_ROOT}/Headers/Public/RestKit\"",
					"\"${PODS_ROOT}/Headers/Public/SOCKit\"",
					"\"${PODS_ROOT}/Headers/Public/TransitionKit\"",
					"${PODS_ROOT}/**",
					"${SRCROOT}/controller",
				);
				INFOPLIST_FILE = RoD/Info.plist;
				LD_RUNPATH_SEARCH_PATHS = "$(inherited) @executable_path/Frameworks";
				PRODUCT_BUNDLE_IDENTIFIER = com.gymnasium.RoD;
				PRODUCT_NAME = "$(TARGET_NAME)";
				PROVISIONING_PROFILE = "";
				USER_HEADER_SEARCH_PATHS = "${PROJECT_DIR}/Pods";
			};
			name = Release;
		};
		1F844C541D216099002EC430 /* Debug */ = {
			isa = XCBuildConfiguration;
			baseConfigurationReference = 817E45A3A4693AF1371C834A /* Pods-RoDTests.debug.xcconfig */;
			buildSettings = {
				BUNDLE_LOADER = "$(TEST_HOST)";
				INFOPLIST_FILE = RoDTests/Info.plist;
				LD_RUNPATH_SEARCH_PATHS = "$(inherited) @executable_path/Frameworks @loader_path/Frameworks";
				PRODUCT_BUNDLE_IDENTIFIER = com.gymnasium.RoDTests;
				PRODUCT_NAME = "$(TARGET_NAME)";
				TEST_HOST = "$(BUILT_PRODUCTS_DIR)/RoD.app/RoD";
			};
			name = Debug;
		};
		1F844C551D216099002EC430 /* Release */ = {
			isa = XCBuildConfiguration;
			baseConfigurationReference = 2FE00FA8C6A8F8D2CEA1EAD8 /* Pods-RoDTests.release.xcconfig */;
			buildSettings = {
				BUNDLE_LOADER = "$(TEST_HOST)";
				INFOPLIST_FILE = RoDTests/Info.plist;
				LD_RUNPATH_SEARCH_PATHS = "$(inherited) @executable_path/Frameworks @loader_path/Frameworks";
				PRODUCT_BUNDLE_IDENTIFIER = com.gymnasium.RoDTests;
				PRODUCT_NAME = "$(TARGET_NAME)";
				TEST_HOST = "$(BUILT_PRODUCTS_DIR)/RoD.app/RoD";
			};
			name = Release;
		};
		1F844C571D216099002EC430 /* Debug */ = {
			isa = XCBuildConfiguration;
			baseConfigurationReference = 41D491880CAA75BA082F49A7 /* Pods-RoDUITests.debug.xcconfig */;
			buildSettings = {
				INFOPLIST_FILE = RoDUITests/Info.plist;
				LD_RUNPATH_SEARCH_PATHS = "$(inherited) @executable_path/Frameworks @loader_path/Frameworks";
				PRODUCT_BUNDLE_IDENTIFIER = com.gymnasium.RoDUITests;
				PRODUCT_NAME = "$(TARGET_NAME)";
				TEST_TARGET_NAME = RoD;
				USES_XCTRUNNER = YES;
			};
			name = Debug;
		};
		1F844C581D216099002EC430 /* Release */ = {
			isa = XCBuildConfiguration;
			baseConfigurationReference = AFBB08EB1586EEE7F0BA1C6F /* Pods-RoDUITests.release.xcconfig */;
			buildSettings = {
				INFOPLIST_FILE = RoDUITests/Info.plist;
				LD_RUNPATH_SEARCH_PATHS = "$(inherited) @executable_path/Frameworks @loader_path/Frameworks";
				PRODUCT_BUNDLE_IDENTIFIER = com.gymnasium.RoDUITests;
				PRODUCT_NAME = "$(TARGET_NAME)";
				TEST_TARGET_NAME = RoD;
				USES_XCTRUNNER = YES;
			};
			name = Release;
		};
/* End XCBuildConfiguration section */

/* Begin XCConfigurationList section */
		1F844C1B1D216098002EC430 /* Build configuration list for PBXProject "RoD" */ = {
			isa = XCConfigurationList;
			buildConfigurations = (
				1F844C4E1D216098002EC430 /* Debug */,
				1F844C4F1D216098002EC430 /* Release */,
			);
			defaultConfigurationIsVisible = 0;
			defaultConfigurationName = Release;
		};
		1F844C501D216099002EC430 /* Build configuration list for PBXNativeTarget "RoD" */ = {
			isa = XCConfigurationList;
			buildConfigurations = (
				1F844C511D216099002EC430 /* Debug */,
				1F844C521D216099002EC430 /* Release */,
			);
			defaultConfigurationIsVisible = 0;
			defaultConfigurationName = Release;
		};
		1F844C531D216099002EC430 /* Build configuration list for PBXNativeTarget "RoDTests" */ = {
			isa = XCConfigurationList;
			buildConfigurations = (
				1F844C541D216099002EC430 /* Debug */,
				1F844C551D216099002EC430 /* Release */,
			);
			defaultConfigurationIsVisible = 0;
			defaultConfigurationName = Release;
		};
		1F844C561D216099002EC430 /* Build configuration list for PBXNativeTarget "RoDUITests" */ = {
			isa = XCConfigurationList;
			buildConfigurations = (
				1F844C571D216099002EC430 /* Debug */,
				1F844C581D216099002EC430 /* Release */,
			);
			defaultConfigurationIsVisible = 0;
			defaultConfigurationName = Release;
		};
/* End XCConfigurationList section */

/* Begin XCVersionGroup section */
		1F844C5A1D2161B6002EC430 /* DataModel.xcdatamodeld */ = {
			isa = XCVersionGroup;
			children = (
				1F844C5B1D2161B6002EC430 /* DataModel.xcdatamodel */,
			);
			currentVersion = 1F844C5B1D2161B6002EC430 /* DataModel.xcdatamodel */;
			path = DataModel.xcdatamodeld;
			sourceTree = "<group>";
			versionGroupType = wrapper.xcdatamodel;
		};
/* End XCVersionGroup section */
	};
	rootObject = 1F844C181D216098002EC430 /* Project object */;
}
